// !$*UTF8*$!
{
	archiveVersion = 1;
	classes = {
	};
	objectVersion = 56;
	objects = {

/* Begin PBXBuildFile section */
		3D30B0E42915817200FEFDF8 /* AsyncContentView.swift in Sources */ = {isa = PBXBuildFile; fileRef = 3D30B0E32915817200FEFDF8 /* AsyncContentView.swift */; };
		3D67B8F929262EF300DB3C8F /* Helper.swift in Sources */ = {isa = PBXBuildFile; fileRef = 3D67B8F329262EF300DB3C8F /* Helper.swift */; };
		3D67B8FC29262EF300DB3C8F /* PieChartSlice.swift in Sources */ = {isa = PBXBuildFile; fileRef = 3D67B8F629262EF300DB3C8F /* PieChartSlice.swift */; };
		3D67B8FD29262EF300DB3C8F /* PieChart.swift in Sources */ = {isa = PBXBuildFile; fileRef = 3D67B8F729262EF300DB3C8F /* PieChart.swift */; };
		3D67B9002926414F00DB3C8F /* PortfolioEntryInfo.swift in Sources */ = {isa = PBXBuildFile; fileRef = 3D67B8FF2926414F00DB3C8F /* PortfolioEntryInfo.swift */; };
		3DA98E1C29098A260091F88F /* StocksApp.swift in Sources */ = {isa = PBXBuildFile; fileRef = 3DA98E1B29098A260091F88F /* StocksApp.swift */; };
		3DA98E1E29098A260091F88F /* ContentView.swift in Sources */ = {isa = PBXBuildFile; fileRef = 3DA98E1D29098A260091F88F /* ContentView.swift */; };
		3DA98E2029098A270091F88F /* Assets.xcassets in Resources */ = {isa = PBXBuildFile; fileRef = 3DA98E1F29098A270091F88F /* Assets.xcassets */; };
		3DA98E2329098A270091F88F /* Preview Assets.xcassets in Resources */ = {isa = PBXBuildFile; fileRef = 3DA98E2229098A270091F88F /* Preview Assets.xcassets */; };
		3DA98E2D29098A270091F88F /* StocksTests.swift in Sources */ = {isa = PBXBuildFile; fileRef = 3DA98E2C29098A270091F88F /* StocksTests.swift */; };
		3DA98E3729098A270091F88F /* StocksUITests.swift in Sources */ = {isa = PBXBuildFile; fileRef = 3DA98E3629098A270091F88F /* StocksUITests.swift */; };
		3DA98E3929098A270091F88F /* StocksUITestsLaunchTests.swift in Sources */ = {isa = PBXBuildFile; fileRef = 3DA98E3829098A270091F88F /* StocksUITestsLaunchTests.swift */; };
		3DA98E47290992670091F88F /* SearchView.swift in Sources */ = {isa = PBXBuildFile; fileRef = 3DA98E46290992670091F88F /* SearchView.swift */; };
		3DA98E4A290992970091F88F /* PortfolioView.swift in Sources */ = {isa = PBXBuildFile; fileRef = 3DA98E49290992970091F88F /* PortfolioView.swift */; };
		3DE0495D2913C6D400B9D392 /* MockData.swift in Sources */ = {isa = PBXBuildFile; fileRef = 3DE0495C2913C6D400B9D392 /* MockData.swift */; };
		3DE049622913C7A400B9D392 /* Stock.swift in Sources */ = {isa = PBXBuildFile; fileRef = 3DE049612913C7A400B9D392 /* Stock.swift */; };
		3DE049642913C7DB00B9D392 /* StockList.swift in Sources */ = {isa = PBXBuildFile; fileRef = 3DE049632913C7DB00B9D392 /* StockList.swift */; };
		3DE049662913C80000B9D392 /* StockHintList.swift in Sources */ = {isa = PBXBuildFile; fileRef = 3DE049652913C80000B9D392 /* StockHintList.swift */; };
		EDA81C82291C0A1100A420E2 /* Stocks_Mocked.json in Resources */ = {isa = PBXBuildFile; fileRef = EDA81C81291C0A1100A420E2 /* Stocks_Mocked.json */; };
		EDA81C84291C0D4E00A420E2 /* ModelData.swift in Sources */ = {isa = PBXBuildFile; fileRef = EDA81C83291C0D4E00A420E2 /* ModelData.swift */; };
		EDA81C86291C128E00A420E2 /* Portfolio.swift in Sources */ = {isa = PBXBuildFile; fileRef = EDA81C85291C128E00A420E2 /* Portfolio.swift */; };
		EDA81C88291C25E600A420E2 /* PortfolioListItem.swift in Sources */ = {isa = PBXBuildFile; fileRef = EDA81C87291C25E600A420E2 /* PortfolioListItem.swift */; };
		EDA81C8A291C2A1500A420E2 /* PortfolioEntry.swift in Sources */ = {isa = PBXBuildFile; fileRef = EDA81C89291C2A1500A420E2 /* PortfolioEntry.swift */; };
/* End PBXBuildFile section */

/* Begin PBXContainerItemProxy section */
		3DA98E2929098A270091F88F /* PBXContainerItemProxy */ = {
			isa = PBXContainerItemProxy;
			containerPortal = 3DA98E1029098A260091F88F /* Project object */;
			proxyType = 1;
			remoteGlobalIDString = 3DA98E1729098A260091F88F;
			remoteInfo = Stocks;
		};
		3DA98E3329098A270091F88F /* PBXContainerItemProxy */ = {
			isa = PBXContainerItemProxy;
			containerPortal = 3DA98E1029098A260091F88F /* Project object */;
			proxyType = 1;
			remoteGlobalIDString = 3DA98E1729098A260091F88F;
			remoteInfo = Stocks;
		};
/* End PBXContainerItemProxy section */

/* Begin PBXFileReference section */
		3D30B0E32915817200FEFDF8 /* AsyncContentView.swift */ = {isa = PBXFileReference; lastKnownFileType = sourcecode.swift; path = AsyncContentView.swift; sourceTree = "<group>"; };
		3D67B8F329262EF300DB3C8F /* Helper.swift */ = {isa = PBXFileReference; fileEncoding = 4; lastKnownFileType = sourcecode.swift; path = Helper.swift; sourceTree = "<group>"; };
		3D67B8F629262EF300DB3C8F /* PieChartSlice.swift */ = {isa = PBXFileReference; fileEncoding = 4; lastKnownFileType = sourcecode.swift; path = PieChartSlice.swift; sourceTree = "<group>"; };
		3D67B8F729262EF300DB3C8F /* PieChart.swift */ = {isa = PBXFileReference; fileEncoding = 4; lastKnownFileType = sourcecode.swift; path = PieChart.swift; sourceTree = "<group>"; };
		3D67B8FF2926414F00DB3C8F /* PortfolioEntryInfo.swift */ = {isa = PBXFileReference; lastKnownFileType = sourcecode.swift; path = PortfolioEntryInfo.swift; sourceTree = "<group>"; };
		3DA98E1829098A260091F88F /* Stocks.app */ = {isa = PBXFileReference; explicitFileType = wrapper.application; includeInIndex = 0; path = Stocks.app; sourceTree = BUILT_PRODUCTS_DIR; };
		3DA98E1B29098A260091F88F /* StocksApp.swift */ = {isa = PBXFileReference; lastKnownFileType = sourcecode.swift; path = StocksApp.swift; sourceTree = "<group>"; };
		3DA98E1D29098A260091F88F /* ContentView.swift */ = {isa = PBXFileReference; lastKnownFileType = sourcecode.swift; path = ContentView.swift; sourceTree = "<group>"; };
		3DA98E1F29098A270091F88F /* Assets.xcassets */ = {isa = PBXFileReference; lastKnownFileType = folder.assetcatalog; path = Assets.xcassets; sourceTree = "<group>"; };
		3DA98E2229098A270091F88F /* Preview Assets.xcassets */ = {isa = PBXFileReference; lastKnownFileType = folder.assetcatalog; path = "Preview Assets.xcassets"; sourceTree = "<group>"; };
		3DA98E2829098A270091F88F /* StocksTests.xctest */ = {isa = PBXFileReference; explicitFileType = wrapper.cfbundle; includeInIndex = 0; path = StocksTests.xctest; sourceTree = BUILT_PRODUCTS_DIR; };
		3DA98E2C29098A270091F88F /* StocksTests.swift */ = {isa = PBXFileReference; lastKnownFileType = sourcecode.swift; path = StocksTests.swift; sourceTree = "<group>"; };
		3DA98E3229098A270091F88F /* StocksUITests.xctest */ = {isa = PBXFileReference; explicitFileType = wrapper.cfbundle; includeInIndex = 0; path = StocksUITests.xctest; sourceTree = BUILT_PRODUCTS_DIR; };
		3DA98E3629098A270091F88F /* StocksUITests.swift */ = {isa = PBXFileReference; lastKnownFileType = sourcecode.swift; path = StocksUITests.swift; sourceTree = "<group>"; };
		3DA98E3829098A270091F88F /* StocksUITestsLaunchTests.swift */ = {isa = PBXFileReference; lastKnownFileType = sourcecode.swift; path = StocksUITestsLaunchTests.swift; sourceTree = "<group>"; };
		3DA98E46290992670091F88F /* SearchView.swift */ = {isa = PBXFileReference; lastKnownFileType = sourcecode.swift; path = SearchView.swift; sourceTree = "<group>"; };
		3DA98E49290992970091F88F /* PortfolioView.swift */ = {isa = PBXFileReference; lastKnownFileType = sourcecode.swift; path = PortfolioView.swift; sourceTree = "<group>"; };
		3DE0495C2913C6D400B9D392 /* MockData.swift */ = {isa = PBXFileReference; lastKnownFileType = sourcecode.swift; path = MockData.swift; sourceTree = "<group>"; };
		3DE049612913C7A400B9D392 /* Stock.swift */ = {isa = PBXFileReference; lastKnownFileType = sourcecode.swift; path = Stock.swift; sourceTree = "<group>"; };
		3DE049632913C7DB00B9D392 /* StockList.swift */ = {isa = PBXFileReference; lastKnownFileType = sourcecode.swift; path = StockList.swift; sourceTree = "<group>"; };
		3DE049652913C80000B9D392 /* StockHintList.swift */ = {isa = PBXFileReference; lastKnownFileType = sourcecode.swift; path = StockHintList.swift; sourceTree = "<group>"; };
		EDA81C81291C0A1100A420E2 /* Stocks_Mocked.json */ = {isa = PBXFileReference; lastKnownFileType = text.json; path = Stocks_Mocked.json; sourceTree = "<group>"; };
		EDA81C83291C0D4E00A420E2 /* ModelData.swift */ = {isa = PBXFileReference; lastKnownFileType = sourcecode.swift; path = ModelData.swift; sourceTree = "<group>"; };
		EDA81C85291C128E00A420E2 /* Portfolio.swift */ = {isa = PBXFileReference; lastKnownFileType = sourcecode.swift; path = Portfolio.swift; sourceTree = "<group>"; };
		EDA81C87291C25E600A420E2 /* PortfolioListItem.swift */ = {isa = PBXFileReference; lastKnownFileType = sourcecode.swift; path = PortfolioListItem.swift; sourceTree = "<group>"; };
		EDA81C89291C2A1500A420E2 /* PortfolioEntry.swift */ = {isa = PBXFileReference; lastKnownFileType = sourcecode.swift; path = PortfolioEntry.swift; sourceTree = "<group>"; };
/* End PBXFileReference section */

/* Begin PBXFrameworksBuildPhase section */
		3DA98E1529098A260091F88F /* Frameworks */ = {
			isa = PBXFrameworksBuildPhase;
			buildActionMask = 2147483647;
			files = (
			);
			runOnlyForDeploymentPostprocessing = 0;
		};
		3DA98E2529098A270091F88F /* Frameworks */ = {
			isa = PBXFrameworksBuildPhase;
			buildActionMask = 2147483647;
			files = (
			);
			runOnlyForDeploymentPostprocessing = 0;
		};
		3DA98E2F29098A270091F88F /* Frameworks */ = {
			isa = PBXFrameworksBuildPhase;
			buildActionMask = 2147483647;
			files = (
			);
			runOnlyForDeploymentPostprocessing = 0;
		};
/* End PBXFrameworksBuildPhase section */

/* Begin PBXGroup section */
		3D67B8F229262ED700DB3C8F /* PieChart */ = {
			isa = PBXGroup;
			children = (
				3D67B8F329262EF300DB3C8F /* Helper.swift */,
				3D67B8F729262EF300DB3C8F /* PieChart.swift */,
				3D67B8F629262EF300DB3C8F /* PieChartSlice.swift */,
				3D67B8FF2926414F00DB3C8F /* PortfolioEntryInfo.swift */,
			);
			path = PieChart;
			sourceTree = "<group>";
		};
		3DA98E0F29098A260091F88F = {
			isa = PBXGroup;
			children = (
				3DA98E1A29098A260091F88F /* Stocks */,
				3DA98E2B29098A270091F88F /* StocksTests */,
				3DA98E3529098A270091F88F /* StocksUITests */,
				3DA98E1929098A260091F88F /* Products */,
			);
			sourceTree = "<group>";
		};
		3DA98E1929098A260091F88F /* Products */ = {
			isa = PBXGroup;
			children = (
				3DA98E1829098A260091F88F /* Stocks.app */,
				3DA98E2829098A270091F88F /* StocksTests.xctest */,
				3DA98E3229098A270091F88F /* StocksUITests.xctest */,
			);
			name = Products;
			sourceTree = "<group>";
		};
		3DA98E1A29098A260091F88F /* Stocks */ = {
			isa = PBXGroup;
			children = (
				3D67B8F229262ED700DB3C8F /* PieChart */,
				EDA81C80291C09CE00A420E2 /* Resources */,
				3DE049602913C79700B9D392 /* Model */,
				3DA98E1B29098A260091F88F /* StocksApp.swift */,
				3DA98E1D29098A260091F88F /* ContentView.swift */,
				3DA98E482909928E0091F88F /* PortfolioView */,
				3DA98E45290992540091F88F /* SearchView */,
				3DA98E1F29098A270091F88F /* Assets.xcassets */,
				3DA98E2129098A270091F88F /* Preview Content */,
				3D30B0E32915817200FEFDF8 /* AsyncContentView.swift */,
			);
			path = Stocks;
			sourceTree = "<group>";
		};
		3DA98E2129098A270091F88F /* Preview Content */ = {
			isa = PBXGroup;
			children = (
				3DA98E2229098A270091F88F /* Preview Assets.xcassets */,
			);
			path = "Preview Content";
			sourceTree = "<group>";
		};
		3DA98E2B29098A270091F88F /* StocksTests */ = {
			isa = PBXGroup;
			children = (
				3DA98E2C29098A270091F88F /* StocksTests.swift */,
			);
			path = StocksTests;
			sourceTree = "<group>";
		};
		3DA98E3529098A270091F88F /* StocksUITests */ = {
			isa = PBXGroup;
			children = (
				3DA98E3629098A270091F88F /* StocksUITests.swift */,
				3DA98E3829098A270091F88F /* StocksUITestsLaunchTests.swift */,
			);
			path = StocksUITests;
			sourceTree = "<group>";
		};
		3DA98E45290992540091F88F /* SearchView */ = {
			isa = PBXGroup;
			children = (
				3DA98E46290992670091F88F /* SearchView.swift */,
				3DE0495C2913C6D400B9D392 /* MockData.swift */,
				3DE049632913C7DB00B9D392 /* StockList.swift */,
				3DE049652913C80000B9D392 /* StockHintList.swift */,
			);
			path = SearchView;
			sourceTree = "<group>";
		};
		3DA98E482909928E0091F88F /* PortfolioView */ = {
			isa = PBXGroup;
			children = (
				3DA98E49290992970091F88F /* PortfolioView.swift */,
				EDA81C87291C25E600A420E2 /* PortfolioListItem.swift */,
			);
			path = PortfolioView;
			sourceTree = "<group>";
		};
		3DE049602913C79700B9D392 /* Model */ = {
			isa = PBXGroup;
			children = (
				3DE049612913C7A400B9D392 /* Stock.swift */,
				EDA81C83291C0D4E00A420E2 /* ModelData.swift */,
				EDA81C85291C128E00A420E2 /* Portfolio.swift */,
				EDA81C89291C2A1500A420E2 /* PortfolioEntry.swift */,
			);
			path = Model;
			sourceTree = "<group>";
		};
		EDA81C80291C09CE00A420E2 /* Resources */ = {
			isa = PBXGroup;
			children = (
				EDA81C81291C0A1100A420E2 /* Stocks_Mocked.json */,
			);
			path = Resources;
			sourceTree = "<group>";
		};
/* End PBXGroup section */

/* Begin PBXNativeTarget section */
		3DA98E1729098A260091F88F /* Stocks */ = {
			isa = PBXNativeTarget;
			buildConfigurationList = 3DA98E3C29098A270091F88F /* Build configuration list for PBXNativeTarget "Stocks" */;
			buildPhases = (
				3DA98E1429098A260091F88F /* Sources */,
				3DA98E1529098A260091F88F /* Frameworks */,
				3DA98E1629098A260091F88F /* Resources */,
			);
			buildRules = (
			);
			dependencies = (
			);
			name = Stocks;
			productName = Stocks;
			productReference = 3DA98E1829098A260091F88F /* Stocks.app */;
			productType = "com.apple.product-type.application";
		};
		3DA98E2729098A270091F88F /* StocksTests */ = {
			isa = PBXNativeTarget;
			buildConfigurationList = 3DA98E3F29098A270091F88F /* Build configuration list for PBXNativeTarget "StocksTests" */;
			buildPhases = (
				3DA98E2429098A270091F88F /* Sources */,
				3DA98E2529098A270091F88F /* Frameworks */,
				3DA98E2629098A270091F88F /* Resources */,
			);
			buildRules = (
			);
			dependencies = (
				3DA98E2A29098A270091F88F /* PBXTargetDependency */,
			);
			name = StocksTests;
			productName = StocksTests;
			productReference = 3DA98E2829098A270091F88F /* StocksTests.xctest */;
			productType = "com.apple.product-type.bundle.unit-test";
		};
		3DA98E3129098A270091F88F /* StocksUITests */ = {
			isa = PBXNativeTarget;
			buildConfigurationList = 3DA98E4229098A270091F88F /* Build configuration list for PBXNativeTarget "StocksUITests" */;
			buildPhases = (
				3DA98E2E29098A270091F88F /* Sources */,
				3DA98E2F29098A270091F88F /* Frameworks */,
				3DA98E3029098A270091F88F /* Resources */,
			);
			buildRules = (
			);
			dependencies = (
				3DA98E3429098A270091F88F /* PBXTargetDependency */,
			);
			name = StocksUITests;
			productName = StocksUITests;
			productReference = 3DA98E3229098A270091F88F /* StocksUITests.xctest */;
			productType = "com.apple.product-type.bundle.ui-testing";
		};
/* End PBXNativeTarget section */

/* Begin PBXProject section */
		3DA98E1029098A260091F88F /* Project object */ = {
			isa = PBXProject;
			attributes = {
				BuildIndependentTargetsInParallel = 1;
				LastSwiftUpdateCheck = 1400;
				LastUpgradeCheck = 1400;
				TargetAttributes = {
					3DA98E1729098A260091F88F = {
						CreatedOnToolsVersion = 14.0.1;
					};
					3DA98E2729098A270091F88F = {
						CreatedOnToolsVersion = 14.0.1;
						TestTargetID = 3DA98E1729098A260091F88F;
					};
					3DA98E3129098A270091F88F = {
						CreatedOnToolsVersion = 14.0.1;
						TestTargetID = 3DA98E1729098A260091F88F;
					};
				};
			};
			buildConfigurationList = 3DA98E1329098A260091F88F /* Build configuration list for PBXProject "Stocks" */;
			compatibilityVersion = "Xcode 14.0";
			developmentRegion = en;
			hasScannedForEncodings = 0;
			knownRegions = (
				en,
				Base,
			);
			mainGroup = 3DA98E0F29098A260091F88F;
			productRefGroup = 3DA98E1929098A260091F88F /* Products */;
			projectDirPath = "";
			projectRoot = "";
			targets = (
				3DA98E1729098A260091F88F /* Stocks */,
				3DA98E2729098A270091F88F /* StocksTests */,
				3DA98E3129098A270091F88F /* StocksUITests */,
			);
		};
/* End PBXProject section */

/* Begin PBXResourcesBuildPhase section */
		3DA98E1629098A260091F88F /* Resources */ = {
			isa = PBXResourcesBuildPhase;
			buildActionMask = 2147483647;
			files = (
				3DA98E2329098A270091F88F /* Preview Assets.xcassets in Resources */,
				3DA98E2029098A270091F88F /* Assets.xcassets in Resources */,
				EDA81C82291C0A1100A420E2 /* Stocks_Mocked.json in Resources */,
			);
			runOnlyForDeploymentPostprocessing = 0;
		};
		3DA98E2629098A270091F88F /* Resources */ = {
			isa = PBXResourcesBuildPhase;
			buildActionMask = 2147483647;
			files = (
			);
			runOnlyForDeploymentPostprocessing = 0;
		};
		3DA98E3029098A270091F88F /* Resources */ = {
			isa = PBXResourcesBuildPhase;
			buildActionMask = 2147483647;
			files = (
			);
			runOnlyForDeploymentPostprocessing = 0;
		};
/* End PBXResourcesBuildPhase section */

/* Begin PBXSourcesBuildPhase section */
		3DA98E1429098A260091F88F /* Sources */ = {
			isa = PBXSourcesBuildPhase;
			buildActionMask = 2147483647;
			files = (
				3DA98E1E29098A260091F88F /* ContentView.swift in Sources */,
				3D67B8F929262EF300DB3C8F /* Helper.swift in Sources */,
				3DE049662913C80000B9D392 /* StockHintList.swift in Sources */,
				EDA81C84291C0D4E00A420E2 /* ModelData.swift in Sources */,
				3D67B9002926414F00DB3C8F /* PortfolioEntryInfo.swift in Sources */,
				3DE049642913C7DB00B9D392 /* StockList.swift in Sources */,
				EDA81C88291C25E600A420E2 /* PortfolioListItem.swift in Sources */,
				3D67B8FC29262EF300DB3C8F /* PieChartSlice.swift in Sources */,
				3D67B8FD29262EF300DB3C8F /* PieChart.swift in Sources */,
				EDA81C8A291C2A1500A420E2 /* PortfolioEntry.swift in Sources */,
				EDA81C86291C128E00A420E2 /* Portfolio.swift in Sources */,
				3DA98E47290992670091F88F /* SearchView.swift in Sources */,
				3DE049622913C7A400B9D392 /* Stock.swift in Sources */,
				3DA98E1C29098A260091F88F /* StocksApp.swift in Sources */,
				3D30B0E42915817200FEFDF8 /* AsyncContentView.swift in Sources */,
				3DA98E4A290992970091F88F /* PortfolioView.swift in Sources */,
				3DE0495D2913C6D400B9D392 /* MockData.swift in Sources */,
			);
			runOnlyForDeploymentPostprocessing = 0;
		};
		3DA98E2429098A270091F88F /* Sources */ = {
			isa = PBXSourcesBuildPhase;
			buildActionMask = 2147483647;
			files = (
				3DA98E2D29098A270091F88F /* StocksTests.swift in Sources */,
			);
			runOnlyForDeploymentPostprocessing = 0;
		};
		3DA98E2E29098A270091F88F /* Sources */ = {
			isa = PBXSourcesBuildPhase;
			buildActionMask = 2147483647;
			files = (
				3DA98E3729098A270091F88F /* StocksUITests.swift in Sources */,
				3DA98E3929098A270091F88F /* StocksUITestsLaunchTests.swift in Sources */,
			);
			runOnlyForDeploymentPostprocessing = 0;
		};
/* End PBXSourcesBuildPhase section */

/* Begin PBXTargetDependency section */
		3DA98E2A29098A270091F88F /* PBXTargetDependency */ = {
			isa = PBXTargetDependency;
			target = 3DA98E1729098A260091F88F /* Stocks */;
			targetProxy = 3DA98E2929098A270091F88F /* PBXContainerItemProxy */;
		};
		3DA98E3429098A270091F88F /* PBXTargetDependency */ = {
			isa = PBXTargetDependency;
			target = 3DA98E1729098A260091F88F /* Stocks */;
			targetProxy = 3DA98E3329098A270091F88F /* PBXContainerItemProxy */;
		};
/* End PBXTargetDependency section */

/* Begin XCBuildConfiguration section */
		3DA98E3A29098A270091F88F /* Debug */ = {
			isa = XCBuildConfiguration;
			buildSettings = {
				ALWAYS_SEARCH_USER_PATHS = NO;
				CLANG_ANALYZER_NONNULL = YES;
				CLANG_ANALYZER_NUMBER_OBJECT_CONVERSION = YES_AGGRESSIVE;
				CLANG_CXX_LANGUAGE_STANDARD = "gnu++20";
				CLANG_ENABLE_MODULES = YES;
				CLANG_ENABLE_OBJC_ARC = YES;
				CLANG_ENABLE_OBJC_WEAK = YES;
				CLANG_WARN_BLOCK_CAPTURE_AUTORELEASING = YES;
				CLANG_WARN_BOOL_CONVERSION = YES;
				CLANG_WARN_COMMA = YES;
				CLANG_WARN_CONSTANT_CONVERSION = YES;
				CLANG_WARN_DEPRECATED_OBJC_IMPLEMENTATIONS = YES;
				CLANG_WARN_DIRECT_OBJC_ISA_USAGE = YES_ERROR;
				CLANG_WARN_DOCUMENTATION_COMMENTS = YES;
				CLANG_WARN_EMPTY_BODY = YES;
				CLANG_WARN_ENUM_CONVERSION = YES;
				CLANG_WARN_INFINITE_RECURSION = YES;
				CLANG_WARN_INT_CONVERSION = YES;
				CLANG_WARN_NON_LITERAL_NULL_CONVERSION = YES;
				CLANG_WARN_OBJC_IMPLICIT_RETAIN_SELF = YES;
				CLANG_WARN_OBJC_LITERAL_CONVERSION = YES;
				CLANG_WARN_OBJC_ROOT_CLASS = YES_ERROR;
				CLANG_WARN_QUOTED_INCLUDE_IN_FRAMEWORK_HEADER = YES;
				CLANG_WARN_RANGE_LOOP_ANALYSIS = YES;
				CLANG_WARN_STRICT_PROTOTYPES = YES;
				CLANG_WARN_SUSPICIOUS_MOVE = YES;
				CLANG_WARN_UNGUARDED_AVAILABILITY = YES_AGGRESSIVE;
				CLANG_WARN_UNREACHABLE_CODE = YES;
				CLANG_WARN__DUPLICATE_METHOD_MATCH = YES;
				COPY_PHASE_STRIP = NO;
				DEBUG_INFORMATION_FORMAT = dwarf;
				ENABLE_STRICT_OBJC_MSGSEND = YES;
				ENABLE_TESTABILITY = YES;
				GCC_C_LANGUAGE_STANDARD = gnu11;
				GCC_DYNAMIC_NO_PIC = NO;
				GCC_NO_COMMON_BLOCKS = YES;
				GCC_OPTIMIZATION_LEVEL = 0;
				GCC_PREPROCESSOR_DEFINITIONS = (
					"DEBUG=1",
					"$(inherited)",
				);
				GCC_WARN_64_TO_32_BIT_CONVERSION = YES;
				GCC_WARN_ABOUT_RETURN_TYPE = YES_ERROR;
				GCC_WARN_UNDECLARED_SELECTOR = YES;
				GCC_WARN_UNINITIALIZED_AUTOS = YES_AGGRESSIVE;
				GCC_WARN_UNUSED_FUNCTION = YES;
				GCC_WARN_UNUSED_VARIABLE = YES;
				IPHONEOS_DEPLOYMENT_TARGET = 16.0;
				MTL_ENABLE_DEBUG_INFO = INCLUDE_SOURCE;
				MTL_FAST_MATH = YES;
				ONLY_ACTIVE_ARCH = YES;
				SDKROOT = iphoneos;
				SWIFT_ACTIVE_COMPILATION_CONDITIONS = DEBUG;
				SWIFT_OPTIMIZATION_LEVEL = "-Onone";
			};
			name = Debug;
		};
		3DA98E3B29098A270091F88F /* Release */ = {
			isa = XCBuildConfiguration;
			buildSettings = {
				ALWAYS_SEARCH_USER_PATHS = NO;
				CLANG_ANALYZER_NONNULL = YES;
				CLANG_ANALYZER_NUMBER_OBJECT_CONVERSION = YES_AGGRESSIVE;
				CLANG_CXX_LANGUAGE_STANDARD = "gnu++20";
				CLANG_ENABLE_MODULES = YES;
				CLANG_ENABLE_OBJC_ARC = YES;
				CLANG_ENABLE_OBJC_WEAK = YES;
				CLANG_WARN_BLOCK_CAPTURE_AUTORELEASING = YES;
				CLANG_WARN_BOOL_CONVERSION = YES;
				CLANG_WARN_COMMA = YES;
				CLANG_WARN_CONSTANT_CONVERSION = YES;
				CLANG_WARN_DEPRECATED_OBJC_IMPLEMENTATIONS = YES;
				CLANG_WARN_DIRECT_OBJC_ISA_USAGE = YES_ERROR;
				CLANG_WARN_DOCUMENTATION_COMMENTS = YES;
				CLANG_WARN_EMPTY_BODY = YES;
				CLANG_WARN_ENUM_CONVERSION = YES;
				CLANG_WARN_INFINITE_RECURSION = YES;
				CLANG_WARN_INT_CONVERSION = YES;
				CLANG_WARN_NON_LITERAL_NULL_CONVERSION = YES;
				CLANG_WARN_OBJC_IMPLICIT_RETAIN_SELF = YES;
				CLANG_WARN_OBJC_LITERAL_CONVERSION = YES;
				CLANG_WARN_OBJC_ROOT_CLASS = YES_ERROR;
				CLANG_WARN_QUOTED_INCLUDE_IN_FRAMEWORK_HEADER = YES;
				CLANG_WARN_RANGE_LOOP_ANALYSIS = YES;
				CLANG_WARN_STRICT_PROTOTYPES = YES;
				CLANG_WARN_SUSPICIOUS_MOVE = YES;
				CLANG_WARN_UNGUARDED_AVAILABILITY = YES_AGGRESSIVE;
				CLANG_WARN_UNREACHABLE_CODE = YES;
				CLANG_WARN__DUPLICATE_METHOD_MATCH = YES;
				COPY_PHASE_STRIP = NO;
				DEBUG_INFORMATION_FORMAT = "dwarf-with-dsym";
				ENABLE_NS_ASSERTIONS = NO;
				ENABLE_STRICT_OBJC_MSGSEND = YES;
				GCC_C_LANGUAGE_STANDARD = gnu11;
				GCC_NO_COMMON_BLOCKS = YES;
				GCC_WARN_64_TO_32_BIT_CONVERSION = YES;
				GCC_WARN_ABOUT_RETURN_TYPE = YES_ERROR;
				GCC_WARN_UNDECLARED_SELECTOR = YES;
				GCC_WARN_UNINITIALIZED_AUTOS = YES_AGGRESSIVE;
				GCC_WARN_UNUSED_FUNCTION = YES;
				GCC_WARN_UNUSED_VARIABLE = YES;
				IPHONEOS_DEPLOYMENT_TARGET = 16.0;
				MTL_ENABLE_DEBUG_INFO = NO;
				MTL_FAST_MATH = YES;
				SDKROOT = iphoneos;
				SWIFT_COMPILATION_MODE = wholemodule;
				SWIFT_OPTIMIZATION_LEVEL = "-O";
				VALIDATE_PRODUCT = YES;
			};
			name = Release;
		};
		3DA98E3D29098A270091F88F /* Debug */ = {
			isa = XCBuildConfiguration;
			buildSettings = {
				ASSETCATALOG_COMPILER_APPICON_NAME = AppIcon;
				ASSETCATALOG_COMPILER_GLOBAL_ACCENT_COLOR_NAME = AccentColor;
				CODE_SIGN_STYLE = Automatic;
				CURRENT_PROJECT_VERSION = 1;
				DEVELOPMENT_ASSET_PATHS = "\"Stocks/Preview Content\"";
				ENABLE_PREVIEWS = YES;
				GENERATE_INFOPLIST_FILE = YES;
				INFOPLIST_KEY_UIApplicationSceneManifest_Generation = YES;
				INFOPLIST_KEY_UIApplicationSupportsIndirectInputEvents = YES;
				INFOPLIST_KEY_UILaunchScreen_Generation = YES;
				INFOPLIST_KEY_UISupportedInterfaceOrientations_iPad = "UIInterfaceOrientationPortrait UIInterfaceOrientationPortraitUpsideDown UIInterfaceOrientationLandscapeLeft UIInterfaceOrientationLandscapeRight";
				INFOPLIST_KEY_UISupportedInterfaceOrientations_iPhone = "UIInterfaceOrientationPortrait UIInterfaceOrientationLandscapeLeft UIInterfaceOrientationLandscapeRight";
				LD_RUNPATH_SEARCH_PATHS = (
					"$(inherited)",
					"@executable_path/Frameworks",
				);
				MARKETING_VERSION = 1.0;
				PRODUCT_BUNDLE_IDENTIFIER = mobsys.Stocks;
				PRODUCT_NAME = "$(TARGET_NAME)";
				SUPPORTED_PLATFORMS = "iphoneos iphonesimulator";
				SUPPORTS_MACCATALYST = NO;
				SUPPORTS_MAC_DESIGNED_FOR_IPHONE_IPAD = NO;
				SWIFT_EMIT_LOC_STRINGS = YES;
				SWIFT_VERSION = 5.0;
				TARGETED_DEVICE_FAMILY = 1;
			};
			name = Debug;
		};
		3DA98E3E29098A270091F88F /* Release */ = {
			isa = XCBuildConfiguration;
			buildSettings = {
				ASSETCATALOG_COMPILER_APPICON_NAME = AppIcon;
				ASSETCATALOG_COMPILER_GLOBAL_ACCENT_COLOR_NAME = AccentColor;
				CODE_SIGN_STYLE = Automatic;
				CURRENT_PROJECT_VERSION = 1;
				DEVELOPMENT_ASSET_PATHS = "\"Stocks/Preview Content\"";
				ENABLE_PREVIEWS = YES;
				GENERATE_INFOPLIST_FILE = YES;
				INFOPLIST_KEY_UIApplicationSceneManifest_Generation = YES;
				INFOPLIST_KEY_UIApplicationSupportsIndirectInputEvents = YES;
				INFOPLIST_KEY_UILaunchScreen_Generation = YES;
				INFOPLIST_KEY_UISupportedInterfaceOrientations_iPad = "UIInterfaceOrientationPortrait UIInterfaceOrientationPortraitUpsideDown UIInterfaceOrientationLandscapeLeft UIInterfaceOrientationLandscapeRight";
				INFOPLIST_KEY_UISupportedInterfaceOrientations_iPhone = "UIInterfaceOrientationPortrait UIInterfaceOrientationLandscapeLeft UIInterfaceOrientationLandscapeRight";
				LD_RUNPATH_SEARCH_PATHS = (
					"$(inherited)",
					"@executable_path/Frameworks",
				);
				MARKETING_VERSION = 1.0;
				PRODUCT_BUNDLE_IDENTIFIER = mobsys.Stocks;
				PRODUCT_NAME = "$(TARGET_NAME)";
				SUPPORTED_PLATFORMS = "iphoneos iphonesimulator";
				SUPPORTS_MACCATALYST = NO;
				SUPPORTS_MAC_DESIGNED_FOR_IPHONE_IPAD = NO;
				SWIFT_EMIT_LOC_STRINGS = YES;
				SWIFT_VERSION = 5.0;
				TARGETED_DEVICE_FAMILY = 1;
			};
			name = Release;
		};
		3DA98E4029098A270091F88F /* Debug */ = {
			isa = XCBuildConfiguration;
			buildSettings = {
				ALWAYS_EMBED_SWIFT_STANDARD_LIBRARIES = YES;
				BUNDLE_LOADER = "$(TEST_HOST)";
				CODE_SIGN_STYLE = Automatic;
				CURRENT_PROJECT_VERSION = 1;
				GENERATE_INFOPLIST_FILE = YES;
				IPHONEOS_DEPLOYMENT_TARGET = 16.0;
				MARKETING_VERSION = 1.0;
				PRODUCT_BUNDLE_IDENTIFIER = AwesomeJan.StocksTests;
				PRODUCT_NAME = "$(TARGET_NAME)";
				SWIFT_EMIT_LOC_STRINGS = NO;
				SWIFT_VERSION = 5.0;
				TARGETED_DEVICE_FAMILY = "1,2";
				TEST_HOST = "$(BUILT_PRODUCTS_DIR)/Stocks.app/$(BUNDLE_EXECUTABLE_FOLDER_PATH)/Stocks";
			};
			name = Debug;
		};
		3DA98E4129098A270091F88F /* Release */ = {
			isa = XCBuildConfiguration;
			buildSettings = {
				ALWAYS_EMBED_SWIFT_STANDARD_LIBRARIES = YES;
				BUNDLE_LOADER = "$(TEST_HOST)";
				CODE_SIGN_STYLE = Automatic;
				CURRENT_PROJECT_VERSION = 1;
				GENERATE_INFOPLIST_FILE = YES;
				IPHONEOS_DEPLOYMENT_TARGET = 16.0;
				MARKETING_VERSION = 1.0;
				PRODUCT_BUNDLE_IDENTIFIER = AwesomeJan.StocksTests;
				PRODUCT_NAME = "$(TARGET_NAME)";
				SWIFT_EMIT_LOC_STRINGS = NO;
				SWIFT_VERSION = 5.0;
				TARGETED_DEVICE_FAMILY = "1,2";
				TEST_HOST = "$(BUILT_PRODUCTS_DIR)/Stocks.app/$(BUNDLE_EXECUTABLE_FOLDER_PATH)/Stocks";
			};
			name = Release;
		};
		3DA98E4329098A270091F88F /* Debug */ = {
			isa = XCBuildConfiguration;
			buildSettings = {
				ALWAYS_EMBED_SWIFT_STANDARD_LIBRARIES = YES;
				CODE_SIGN_STYLE = Automatic;
				CURRENT_PROJECT_VERSION = 1;
				GENERATE_INFOPLIST_FILE = YES;
				MARKETING_VERSION = 1.0;
				PRODUCT_BUNDLE_IDENTIFIER = AwesomeJan.StocksUITests;
				PRODUCT_NAME = "$(TARGET_NAME)";
				SWIFT_EMIT_LOC_STRINGS = NO;
				SWIFT_VERSION = 5.0;
				TARGETED_DEVICE_FAMILY = "1,2";
				TEST_TARGET_NAME = Stocks;
			};
			name = Debug;
		};
		3DA98E4429098A270091F88F /* Release */ = {
			isa = XCBuildConfiguration;
			buildSettings = {
				ALWAYS_EMBED_SWIFT_STANDARD_LIBRARIES = YES;
				CODE_SIGN_STYLE = Automatic;
				CURRENT_PROJECT_VERSION = 1;
				GENERATE_INFOPLIST_FILE = YES;
				MARKETING_VERSION = 1.0;
				PRODUCT_BUNDLE_IDENTIFIER = AwesomeJan.StocksUITests;
				PRODUCT_NAME = "$(TARGET_NAME)";
				SWIFT_EMIT_LOC_STRINGS = NO;
				SWIFT_VERSION = 5.0;
				TARGETED_DEVICE_FAMILY = "1,2";
				TEST_TARGET_NAME = Stocks;
			};
			name = Release;
		};
/* End XCBuildConfiguration section */

/* Begin XCConfigurationList section */
		3DA98E1329098A260091F88F /* Build configuration list for PBXProject "Stocks" */ = {
			isa = XCConfigurationList;
			buildConfigurations = (
				3DA98E3A29098A270091F88F /* Debug */,
				3DA98E3B29098A270091F88F /* Release */,
			);
			defaultConfigurationIsVisible = 0;
			defaultConfigurationName = Release;
		};
		3DA98E3C29098A270091F88F /* Build configuration list for PBXNativeTarget "Stocks" */ = {
			isa = XCConfigurationList;
			buildConfigurations = (
				3DA98E3D29098A270091F88F /* Debug */,
				3DA98E3E29098A270091F88F /* Release */,
			);
			defaultConfigurationIsVisible = 0;
			defaultConfigurationName = Release;
		};
		3DA98E3F29098A270091F88F /* Build configuration list for PBXNativeTarget "StocksTests" */ = {
			isa = XCConfigurationList;
			buildConfigurations = (
				3DA98E4029098A270091F88F /* Debug */,
				3DA98E4129098A270091F88F /* Release */,
			);
			defaultConfigurationIsVisible = 0;
			defaultConfigurationName = Release;
		};
		3DA98E4229098A270091F88F /* Build configuration list for PBXNativeTarget "StocksUITests" */ = {
			isa = XCConfigurationList;
			buildConfigurations = (
				3DA98E4329098A270091F88F /* Debug */,
				3DA98E4429098A270091F88F /* Release */,
			);
			defaultConfigurationIsVisible = 0;
			defaultConfigurationName = Release;
		};
/* End XCConfigurationList section */
	};
	rootObject = 3DA98E1029098A260091F88F /* Project object */;
}
